// !$*UTF8*$!
{
	archiveVersion = 1;
	classes = {
	};
	objectVersion = 48;
	objects = {

/* Begin PBXBuildFile section */
		998B0BDF200FE77B0024AE64 /* AppDelegate.swift in Sources */ = {isa = PBXBuildFile; fileRef = 998B0BDE200FE77B0024AE64 /* AppDelegate.swift */; };
		998B0BE1200FE77B0024AE64 /* ViewController.swift in Sources */ = {isa = PBXBuildFile; fileRef = 998B0BE0200FE77B0024AE64 /* ViewController.swift */; };
		998B0BE4200FE77B0024AE64 /* Main.storyboard in Resources */ = {isa = PBXBuildFile; fileRef = 998B0BE2200FE77B0024AE64 /* Main.storyboard */; };
		998B0BE6200FE77B0024AE64 /* Assets.xcassets in Resources */ = {isa = PBXBuildFile; fileRef = 998B0BE5200FE77B0024AE64 /* Assets.xcassets */; };
		998B0BE9200FE77B0024AE64 /* LaunchScreen.storyboard in Resources */ = {isa = PBXBuildFile; fileRef = 998B0BE7200FE77B0024AE64 /* LaunchScreen.storyboard */; };
/* End PBXBuildFile section */

/* Begin PBXFileReference section */
		998B0BDB200FE77B0024AE64 /* Recipes-Share.app */ = {isa = PBXFileReference; explicitFileType = wrapper.application; includeInIndex = 0; path = "Recipes-Share.app"; sourceTree = BUILT_PRODUCTS_DIR; };
		998B0BDE200FE77B0024AE64 /* AppDelegate.swift */ = {isa = PBXFileReference; lastKnownFileType = sourcecode.swift; path = AppDelegate.swift; sourceTree = "<group>"; };
		998B0BE0200FE77B0024AE64 /* ViewController.swift */ = {isa = PBXFileReference; lastKnownFileType = sourcecode.swift; path = ViewController.swift; sourceTree = "<group>"; };
		998B0BE3200FE77B0024AE64 /* Base */ = {isa = PBXFileReference; lastKnownFileType = file.storyboard; name = Base; path = Base.lproj/Main.storyboard; sourceTree = "<group>"; };
		998B0BE5200FE77B0024AE64 /* Assets.xcassets */ = {isa = PBXFileReference; lastKnownFileType = folder.assetcatalog; path = Assets.xcassets; sourceTree = "<group>"; };
		998B0BE8200FE77B0024AE64 /* Base */ = {isa = PBXFileReference; lastKnownFileType = file.storyboard; name = Base; path = Base.lproj/LaunchScreen.storyboard; sourceTree = "<group>"; };
		998B0BEA200FE77B0024AE64 /* Info.plist */ = {isa = PBXFileReference; lastKnownFileType = text.plist.xml; path = Info.plist; sourceTree = "<group>"; };
/* End PBXFileReference section */

/* Begin PBXFrameworksBuildPhase section */
		998B0BD8200FE77B0024AE64 /* Frameworks */ = {
			isa = PBXFrameworksBuildPhase;
			buildActionMask = 2147483647;
			files = (
			);
			runOnlyForDeploymentPostprocessing = 0;
		};
/* End PBXFrameworksBuildPhase section */

/* Begin PBXGroup section */
		998B0BD2200FE77B0024AE64 = {
			isa = PBXGroup;
			children = (
				998B0BDD200FE77B0024AE64 /* Recipes-Share */,
				998B0BDC200FE77B0024AE64 /* Products */,
			);
			sourceTree = "<group>";
		};
		998B0BDC200FE77B0024AE64 /* Products */ = {
			isa = PBXGroup;
			children = (
				998B0BDB200FE77B0024AE64 /* Recipes-Share.app */,
			);
			name = Products;
			sourceTree = "<group>";
		};
		998B0BDD200FE77B0024AE64 /* Recipes-Share */ = {
			isa = PBXGroup;
			children = (
				998B0BDE200FE77B0024AE64 /* AppDelegate.swift */,
				998B0BE0200FE77B0024AE64 /* ViewController.swift */,
				998B0BE2200FE77B0024AE64 /* Main.storyboard */,
				998B0BE5200FE77B0024AE64 /* Assets.xcassets */,
				998B0BE7200FE77B0024AE64 /* LaunchScreen.storyboard */,
				998B0BEA200FE77B0024AE64 /* Info.plist */,
			);
			path = "Recipes-Share";
			sourceTree = "<group>";
		};
/* End PBXGroup section */

/* Begin PBXNativeTarget section */
		998B0BDA200FE77B0024AE64 /* Recipes-Share */ = {
			isa = PBXNativeTarget;
			buildConfigurationList = 998B0BED200FE77B0024AE64 /* Build configuration list for PBXNativeTarget "Recipes-Share" */;
			buildPhases = (
				998B0BD7200FE77B0024AE64 /* Sources */,
				998B0BD8200FE77B0024AE64 /* Frameworks */,
				998B0BD9200FE77B0024AE64 /* Resources */,
			);
			buildRules = (
			);
			dependencies = (
			);
			name = "Recipes-Share";
			productName = "Recipes-Share";
			productReference = 998B0BDB200FE77B0024AE64 /* Recipes-Share.app */;
			productType = "com.apple.product-type.application";
		};
/* End PBXNativeTarget section */

/* Begin PBXProject section */
		998B0BD3200FE77B0024AE64 /* Project object */ = {
			isa = PBXProject;
			attributes = {
				LastSwiftUpdateCheck = 0920;
				LastUpgradeCheck = 0920;
				ORGANIZATIONNAME = "Chenyang Zhang";
				TargetAttributes = {
					998B0BDA200FE77B0024AE64 = {
						CreatedOnToolsVersion = 9.2;
						ProvisioningStyle = Automatic;
					};
				};
			};
			buildConfigurationList = 998B0BD6200FE77B0024AE64 /* Build configuration list for PBXProject "Recipes-Share" */;
			compatibilityVersion = "Xcode 8.0";
			developmentRegion = en;
			hasScannedForEncodings = 0;
			knownRegions = (
				en,
				Base,
			);
			mainGroup = 998B0BD2200FE77B0024AE64;
			productRefGroup = 998B0BDC200FE77B0024AE64 /* Products */;
			projectDirPath = "";
			projectRoot = "";
			targets = (
				998B0BDA200FE77B0024AE64 /* Recipes-Share */,
			);
		};
/* End PBXProject section */

/* Begin PBXResourcesBuildPhase section */
		998B0BD9200FE77B0024AE64 /* Resources */ = {
			isa = PBXResourcesBuildPhase;
			buildActionMask = 2147483647;
			files = (
				998B0BE9200FE77B0024AE64 /* LaunchScreen.storyboard in Resources */,
				998B0BE6200FE77B0024AE64 /* Assets.xcassets in Resources */,
				998B0BE4200FE77B0024AE64 /* Main.storyboard in Resources */,
			);
			runOnlyForDeploymentPostprocessing = 0;
		};
/* End PBXResourcesBuildPhase section */

/* Begin PBXSourcesBuildPhase section */
		998B0BD7200FE77B0024AE64 /* Sources */ = {
			isa = PBXSourcesBuildPhase;
			buildActionMask = 2147483647;
			files = (
				998B0BE1200FE77B0024AE64 /* ViewController.swift in Sources */,
				998B0BDF200FE77B0024AE64 /* AppDelegate.swift in Sources */,
			);
			runOnlyForDeploymentPostprocessing = 0;
		};
/* End PBXSourcesBuildPhase section */

/* Begin PBXVariantGroup section */
		998B0BE2200FE77B0024AE64 /* Main.storyboard */ = {
			isa = PBXVariantGroup;
			children = (
				998B0BE3200FE77B0024AE64 /* Base */,
			);
			name = Main.storyboard;
			sourceTree = "<group>";
		};
		998B0BE7200FE77B0024AE64 /* LaunchScreen.storyboard */ = {
			isa = PBXVariantGroup;
			children = (
				998B0BE8200FE77B0024AE64 /* Base */,
			);
			name = LaunchScreen.storyboard;
			sourceTree = "<group>";
		};
/* End PBXVariantGroup section */

/* Begin XCBuildConfiguration section */
		998B0BEB200FE77B0024AE64 /* Debug */ = {
			isa = XCBuildConfiguration;
			buildSettings = {
				ALWAYS_SEARCH_USER_PATHS = NO;
				CLANG_ANALYZER_NONNULL = YES;
				CLANG_ANALYZER_NUMBER_OBJECT_CONVERSION = YES_AGGRESSIVE;
				CLANG_CXX_LANGUAGE_STANDARD = "gnu++14";
				CLANG_CXX_LIBRARY = "libc++";
				CLANG_ENABLE_MODULES = YES;
				CLANG_ENABLE_OBJC_ARC = YES;
				CLANG_WARN_BLOCK_CAPTURE_AUTORELEASING = YES;
				CLANG_WARN_BOOL_CONVERSION = YES;
				CLANG_WARN_COMMA = YES;
				CLANG_WARN_CONSTANT_CONVERSION = YES;
				CLANG_WARN_DIRECT_OBJC_ISA_USAGE = YES_ERROR;
				CLANG_WARN_DOCUMENTATION_COMMENTS = YES;
				CLANG_WARN_EMPTY_BODY = YES;
				CLANG_WARN_ENUM_CONVERSION = YES;
				CLANG_WARN_INFINITE_RECURSION = YES;
				CLANG_WARN_INT_CONVERSION = YES;
				CLANG_WARN_NON_LITERAL_NULL_CONVERSION = YES;
				CLANG_WARN_OBJC_LITERAL_CONVERSION = YES;
				CLANG_WARN_OBJC_ROOT_CLASS = YES_ERROR;
				CLANG_WARN_RANGE_LOOP_ANALYSIS = YES;
				CLANG_WARN_STRICT_PROTOTYPES = YES;
				CLANG_WARN_SUSPICIOUS_MOVE = YES;
				CLANG_WARN_UNGUARDED_AVAILABILITY = YES_AGGRESSIVE;
				CLANG_WARN_UNREACHABLE_CODE = YES;
				CLANG_WARN__DUPLICATE_METHOD_MATCH = YES;
				CODE_SIGN_IDENTITY = "iPhone Developer";
				COPY_PHASE_STRIP = NO;
				DEBUG_INFORMATION_FORMAT = dwarf;
				ENABLE_STRICT_OBJC_MSGSEND = YES;
				ENABLE_TESTABILITY = YES;
				GCC_C_LANGUAGE_STANDARD = gnu11;
				GCC_DYNAMIC_NO_PIC = NO;
				GCC_NO_COMMON_BLOCKS = YES;
				GCC_OPTIMIZATION_LEVEL = 0;
				GCC_PREPROCESSOR_DEFINITIONS = (
					"DEBUG=1",
					"$(inherited)",
				);
				GCC_WARN_64_TO_32_BIT_CONVERSION = YES;
				GCC_WARN_ABOUT_RETURN_TYPE = YES_ERROR;
				GCC_WARN_UNDECLARED_SELECTOR = YES;
				GCC_WARN_UNINITIALIZED_AUTOS = YES_AGGRESSIVE;
				GCC_WARN_UNUSED_FUNCTION = YES;
				GCC_WARN_UNUSED_VARIABLE = YES;
				IPHONEOS_DEPLOYMENT_TARGET = 10.0;
				MTL_ENABLE_DEBUG_INFO = YES;
				ONLY_ACTIVE_ARCH = YES;
				SDKROOT = iphoneos;
				SWIFT_ACTIVE_COMPILATION_CONDITIONS = DEBUG;
				SWIFT_OPTIMIZATION_LEVEL = "-Onone";
			};
			name = Debug;
		};
		998B0BEC200FE77B0024AE64 /* Release */ = {
			isa = XCBuildConfiguration;
			buildSettings = {
				ALWAYS_SEARCH_USER_PATHS = NO;
				CLANG_ANALYZER_NONNULL = YES;
				CLANG_ANALYZER_NUMBER_OBJECT_CONVERSION = YES_AGGRESSIVE;
				CLANG_CXX_LANGUAGE_STANDARD = "gnu++14";
				CLANG_CXX_LIBRARY = "libc++";
				CLANG_ENABLE_MODULES = YES;
				CLANG_ENABLE_OBJC_ARC = YES;
				CLANG_WARN_BLOCK_CAPTURE_AUTORELEASING = YES;
				CLANG_WARN_BOOL_CONVERSION = YES;
				CLANG_WARN_COMMA = YES;
				CLANG_WARN_CONSTANT_CONVERSION = YES;
				CLANG_WARN_DIRECT_OBJC_ISA_USAGE = YES_ERROR;
				CLANG_WARN_DOCUMENTATION_COMMENTS = YES;
				CLANG_WARN_EMPTY_BODY = YES;
				CLANG_WARN_ENUM_CONVERSION = YES;
				CLANG_WARN_INFINITE_RECURSION = YES;
				CLANG_WARN_INT_CONVERSION = YES;
				CLANG_WARN_NON_LITERAL_NULL_CONVERSION = YES;
				CLANG_WARN_OBJC_LITERAL_CONVERSION = YES;
				CLANG_WARN_OBJC_ROOT_CLASS = YES_ERROR;
				CLANG_WARN_RANGE_LOOP_ANALYSIS = YES;
				CLANG_WARN_STRICT_PROTOTYPES = YES;
				CLANG_WARN_SUSPICIOUS_MOVE = YES;
				CLANG_WARN_UNGUARDED_AVAILABILITY = YES_AGGRESSIVE;
				CLANG_WARN_UNREACHABLE_CODE = YES;
				CLANG_WARN__DUPLICATE_METHOD_MATCH = YES;
				CODE_SIGN_IDENTITY = "iPhone Developer";
				COPY_PHASE_STRIP = NO;
				DEBUG_INFORMATION_FORMAT = "dwarf-with-dsym";
				ENABLE_NS_ASSERTIONS = NO;
				ENABLE_STRICT_OBJC_MSGSEND = YES;
				GCC_C_LANGUAGE_STANDARD = gnu11;
				GCC_NO_COMMON_BLOCKS = YES;
				GCC_WARN_64_TO_32_BIT_CONVERSION = YES;
				GCC_WARN_ABOUT_RETURN_TYPE = YES_ERROR;
				GCC_WARN_UNDECLARED_SELECTOR = YES;
				GCC_WARN_UNINITIALIZED_AUTOS = YES_AGGRESSIVE;
				GCC_WARN_UNUSED_FUNCTION = YES;
				GCC_WARN_UNUSED_VARIABLE = YES;
				IPHONEOS_DEPLOYMENT_TARGET = 10.0;
				MTL_ENABLE_DEBUG_INFO = NO;
				SDKROOT = iphoneos;
				SWIFT_OPTIMIZATION_LEVEL = "-Owholemodule";
				VALIDATE_PRODUCT = YES;
			};
			name = Release;
		};
		998B0BEE200FE77B0024AE64 /* Debug */ = {
			isa = XCBuildConfiguration;
			buildSettings = {
				ASSETCATALOG_COMPILER_APPICON_NAME = AppIcon;
				CODE_SIGN_STYLE = Automatic;
				DEVELOPMENT_TEAM = 6MNS2MMD8U;
				INFOPLIST_FILE = "Recipes-Share/Info.plist";
				IPHONEOS_DEPLOYMENT_TARGET = 10.0;
				LD_RUNPATH_SEARCH_PATHS = "$(inherited) @executable_path/Frameworks";
				PRODUCT_BUNDLE_IDENTIFIER = "com.chenyangzhang.Recipes-Share";
				PRODUCT_NAME = "$(TARGET_NAME)";
				SWIFT_VERSION = 4.0;
				TARGETED_DEVICE_FAMILY = "1,2";
			};
			name = Debug;
		};
		998B0BEF200FE77B0024AE64 /* Release */ = {
			isa = XCBuildConfiguration;
			buildSettings = {
				ASSETCATALOG_COMPILER_APPICON_NAME = AppIcon;
				CODE_SIGN_STYLE = Automatic;
				DEVELOPMENT_TEAM = 6MNS2MMD8U;
				INFOPLIST_FILE = "Recipes-Share/Info.plist";
				IPHONEOS_DEPLOYMENT_TARGET = 10.0;
				LD_RUNPATH_SEARCH_PATHS = "$(inherited) @executable_path/Frameworks";
				PRODUCT_BUNDLE_IDENTIFIER = "com.chenyangzhang.Recipes-Share";
				PRODUCT_NAME = "$(TARGET_NAME)";
				SWIFT_VERSION = 4.0;
				TARGETED_DEVICE_FAMILY = "1,2";
			};
			name = Release;
		};
/* End XCBuildConfiguration section */

/* Begin XCConfigurationList section */
		998B0BD6200FE77B0024AE64 /* Build configuration list for PBXProject "Recipes-Share" */ = {
			isa = XCConfigurationList;
			buildConfigurations = (
				998B0BEB200FE77B0024AE64 /* Debug */,
				998B0BEC200FE77B0024AE64 /* Release */,
			);
			defaultConfigurationIsVisible = 0;
			defaultConfigurationName = Release;
		};
		998B0BED200FE77B0024AE64 /* Build configuration list for PBXNativeTarget "Recipes-Share" */ = {
			isa = XCConfigurationList;
			buildConfigurations = (
				998B0BEE200FE77B0024AE64 /* Debug */,
				998B0BEF200FE77B0024AE64 /* Release */,
			);
			defaultConfigurationIsVisible = 0;
			defaultConfigurationName = Release;
		};
/* End XCConfigurationList section */
	};
	rootObject = 998B0BD3200FE77B0024AE64 /* Project object */;
}
